
Microsoft Visual Studio Solution File, Format Version 12.00
# Visual Studio Version 17
VisualStudioVersion = 17.4.33213.308
MinimumVisualStudioVersion = 10.0.40219.1
Project("{9A19103F-16F7-4668-BE54-9A1E7A4F7556}") = "Sokoban", "Sokoban\Sokoban.csproj", "{A2CF086C-4B64-417B-8856-ED8178F733D6}"
EndProject
Project("{2150E333-8FDC-42A3-9474-1A3956D46DE8}") = "Itens de Solução", "Itens de Solução", "{616C1FC6-EFC1-42D3-BC2D-0DDC3D7E64D3}"
EndProject
Global
	GlobalSection(SolutionConfigurationPlatforms) = preSolution
		Debug|Any CPU = Debug|Any CPU
		Release|Any CPU = Release|Any CPU
	EndGlobalSection
	GlobalSection(ProjectConfigurationPlatforms) = postSolution
		{A2CF086C-4B64-417B-8856-ED8178F733D6}.Debug|Any CPU.ActiveCfg = Debug|Any CPU
		{A2CF086C-4B64-417B-8856-ED8178F733D6}.Debug|Any CPU.Build.0 = Debug|Any CPU
		{A2CF086C-4B64-417B-8856-ED8178F733D6}.Release|Any CPU.ActiveCfg = Release|Any CPU
		{A2CF086C-4B64-417B-8856-ED8178F733D6}.Release|Any CPU.Build.0 = Release|Any CPU
	EndGlobalSection
	GlobalSection(SolutionProperties) = preSolution
		HideSolutionNode = FALSE
	EndGlobalSection
	GlobalSection(ExtensibilityGlobals) = postSolution
		SolutionGuid = {77D120CB-8D13-494D-B6B2-3750300B3ADE}
	EndGlobalSection
EndGlobal
